
Microsoft Visual Studio Solution File, Format Version 12.00
# Visual Studio Version 16
VisualStudioVersion = 16.0.31205.134
MinimumVisualStudioVersion = 10.0.40219.1
Project("{FAE04EC0-301F-11D3-BF4B-00C04F79EFBC}") = "Leetcode 2023", "Leetcode 2023\Leetcode 2023.csproj", "{BF383EC6-7FEF-48EF-B11E-AE5074E2FCFB}"
EndProject
Project("{FAE04EC0-301F-11D3-BF4B-00C04F79EFBC}") = "ValidParentheses", "ValidParentheses\ValidParentheses.csproj", "{C45E9078-8B21-4792-A19D-5763BD343F04}"
EndProject
Project("{FAE04EC0-301F-11D3-BF4B-00C04F79EFBC}") = "NamingACompany", "NamingACompany\NamingACompany.csproj", "{5DE41E96-D45F-49A7-8F20-40F1C4FFE901}"
EndProject
Global
	GlobalSection(SolutionConfigurationPlatforms) = preSolution
		Debug|Any CPU = Debug|Any CPU
		Release|Any CPU = Release|Any CPU
	EndGlobalSection
	GlobalSection(ProjectConfigurationPlatforms) = postSolution
		{BF383EC6-7FEF-48EF-B11E-AE5074E2FCFB}.Debug|Any CPU.ActiveCfg = Debug|Any CPU
		{BF383EC6-7FEF-48EF-B11E-AE5074E2FCFB}.Debug|Any CPU.Build.0 = Debug|Any CPU
		{BF383EC6-7FEF-48EF-B11E-AE5074E2FCFB}.Release|Any CPU.ActiveCfg = Release|Any CPU
		{BF383EC6-7FEF-48EF-B11E-AE5074E2FCFB}.Release|Any CPU.Build.0 = Release|Any CPU
		{C45E9078-8B21-4792-A19D-5763BD343F04}.Debug|Any CPU.ActiveCfg = Debug|Any CPU
		{C45E9078-8B21-4792-A19D-5763BD343F04}.Debug|Any CPU.Build.0 = Debug|Any CPU
		{C45E9078-8B21-4792-A19D-5763BD343F04}.Release|Any CPU.ActiveCfg = Release|Any CPU
		{C45E9078-8B21-4792-A19D-5763BD343F04}.Release|Any CPU.Build.0 = Release|Any CPU
		{5DE41E96-D45F-49A7-8F20-40F1C4FFE901}.Debug|Any CPU.ActiveCfg = Debug|Any CPU
		{5DE41E96-D45F-49A7-8F20-40F1C4FFE901}.Debug|Any CPU.Build.0 = Debug|Any CPU
		{5DE41E96-D45F-49A7-8F20-40F1C4FFE901}.Release|Any CPU.ActiveCfg = Release|Any CPU
		{5DE41E96-D45F-49A7-8F20-40F1C4FFE901}.Release|Any CPU.Build.0 = Release|Any CPU
	EndGlobalSection
	GlobalSection(SolutionProperties) = preSolution
		HideSolutionNode = FALSE
	EndGlobalSection
	GlobalSection(ExtensibilityGlobals) = postSolution
		SolutionGuid = {FAFF1558-C771-4E38-873A-81E289E2CA3A}
	EndGlobalSection
EndGlobal
